
Microsoft Visual Studio Solution File, Format Version 12.00
# Visual Studio Version 16
VisualStudioVersion = 16.0.30413.136
MinimumVisualStudioVersion = 10.0.40219.1
Project("{FAE04EC0-301F-11D3-BF4B-00C04F79EFBC}") = "DBConnection", "DBConnection.csproj", "{307E874E-349E-4041-B23C-54B49FFAF3AB}"
EndProject
Global
	GlobalSection(SolutionConfigurationPlatforms) = preSolution
		Debug|Any CPU = Debug|Any CPU
		Release|Any CPU = Release|Any CPU
	EndGlobalSection
	GlobalSection(ProjectConfigurationPlatforms) = postSolution
		{307E874E-349E-4041-B23C-54B49FFAF3AB}.Debug|Any CPU.ActiveCfg = Debug|Any CPU
		{307E874E-349E-4041-B23C-54B49FFAF3AB}.Debug|Any CPU.Build.0 = Debug|Any CPU
		{307E874E-349E-4041-B23C-54B49FFAF3AB}.Release|Any CPU.ActiveCfg = Release|Any CPU
		{307E874E-349E-4041-B23C-54B49FFAF3AB}.Release|Any CPU.Build.0 = Release|Any CPU
	EndGlobalSection
	GlobalSection(SolutionProperties) = preSolution
		HideSolutionNode = FALSE
	EndGlobalSection
	GlobalSection(ExtensibilityGlobals) = postSolution
		SolutionGuid = {E9782A9B-78FA-43B9-BF98-F42E039DC4AC}
	EndGlobalSection
EndGlobal
