
Microsoft Visual Studio Solution File, Format Version 12.00
# Visual Studio Version 16
VisualStudioVersion = 16.0.30413.136
MinimumVisualStudioVersion = 10.0.40219.1
Project("{FAE04EC0-301F-11D3-BF4B-00C04F79EFBC}") = "BankAccountform", "BankAccountform.csproj", "{4291A4D8-063F-46BD-B4E1-BD32076FEEAB}"
EndProject
Global
	GlobalSection(SolutionConfigurationPlatforms) = preSolution
		Debug|Any CPU = Debug|Any CPU
		Release|Any CPU = Release|Any CPU
	EndGlobalSection
	GlobalSection(ProjectConfigurationPlatforms) = postSolution
		{4291A4D8-063F-46BD-B4E1-BD32076FEEAB}.Debug|Any CPU.ActiveCfg = Debug|Any CPU
		{4291A4D8-063F-46BD-B4E1-BD32076FEEAB}.Debug|Any CPU.Build.0 = Debug|Any CPU
		{4291A4D8-063F-46BD-B4E1-BD32076FEEAB}.Release|Any CPU.ActiveCfg = Release|Any CPU
		{4291A4D8-063F-46BD-B4E1-BD32076FEEAB}.Release|Any CPU.Build.0 = Release|Any CPU
	EndGlobalSection
	GlobalSection(SolutionProperties) = preSolution
		HideSolutionNode = FALSE
	EndGlobalSection
	GlobalSection(ExtensibilityGlobals) = postSolution
		SolutionGuid = {7577C6FA-F4A3-44EE-9A6D-17A144A39AEF}
	EndGlobalSection
EndGlobal
