
Microsoft Visual Studio Solution File, Format Version 12.00
# Visual Studio Version 16
VisualStudioVersion = 16.0.30413.136
MinimumVisualStudioVersion = 10.0.40219.1
Project("{FAE04EC0-301F-11D3-BF4B-00C04F79EFBC}") = "Calculator_1805086", "Calculator_1805086.csproj", "{5ED2BB14-E4E2-47C2-B69B-395C32DA175B}"
EndProject
Global
	GlobalSection(SolutionConfigurationPlatforms) = preSolution
		Debug|Any CPU = Debug|Any CPU
		Release|Any CPU = Release|Any CPU
	EndGlobalSection
	GlobalSection(ProjectConfigurationPlatforms) = postSolution
		{5ED2BB14-E4E2-47C2-B69B-395C32DA175B}.Debug|Any CPU.ActiveCfg = Debug|Any CPU
		{5ED2BB14-E4E2-47C2-B69B-395C32DA175B}.Debug|Any CPU.Build.0 = Debug|Any CPU
		{5ED2BB14-E4E2-47C2-B69B-395C32DA175B}.Release|Any CPU.ActiveCfg = Release|Any CPU
		{5ED2BB14-E4E2-47C2-B69B-395C32DA175B}.Release|Any CPU.Build.0 = Release|Any CPU
	EndGlobalSection
	GlobalSection(SolutionProperties) = preSolution
		HideSolutionNode = FALSE
	EndGlobalSection
	GlobalSection(ExtensibilityGlobals) = postSolution
		SolutionGuid = {257CCEB1-09A6-4018-A4A7-60789AE5D44E}
	EndGlobalSection
EndGlobal
