
Microsoft Visual Studio Solution File, Format Version 12.00
# Visual Studio Version 16
VisualStudioVersion = 16.0.30413.136
MinimumVisualStudioVersion = 10.0.40219.1
Project("{FAE04EC0-301F-11D3-BF4B-00C04F79EFBC}") = "TextEditorDemo", "TextEditorDemo.csproj", "{2BA537BA-AEB8-425C-A1B9-542AB4B16FAD}"
EndProject
Global
	GlobalSection(SolutionConfigurationPlatforms) = preSolution
		Debug|Any CPU = Debug|Any CPU
		Release|Any CPU = Release|Any CPU
	EndGlobalSection
	GlobalSection(ProjectConfigurationPlatforms) = postSolution
		{2BA537BA-AEB8-425C-A1B9-542AB4B16FAD}.Debug|Any CPU.ActiveCfg = Debug|Any CPU
		{2BA537BA-AEB8-425C-A1B9-542AB4B16FAD}.Debug|Any CPU.Build.0 = Debug|Any CPU
		{2BA537BA-AEB8-425C-A1B9-542AB4B16FAD}.Release|Any CPU.ActiveCfg = Release|Any CPU
		{2BA537BA-AEB8-425C-A1B9-542AB4B16FAD}.Release|Any CPU.Build.0 = Release|Any CPU
	EndGlobalSection
	GlobalSection(SolutionProperties) = preSolution
		HideSolutionNode = FALSE
	EndGlobalSection
	GlobalSection(ExtensibilityGlobals) = postSolution
		SolutionGuid = {984AB190-3AD7-4DD7-811B-5527B118E5F9}
	EndGlobalSection
EndGlobal
