
Microsoft Visual Studio Solution File, Format Version 12.00
# Visual Studio Version 16
VisualStudioVersion = 16.0.30413.136
MinimumVisualStudioVersion = 10.0.40219.1
Project("{FAE04EC0-301F-11D3-BF4B-00C04F79EFBC}") = "DataTable_1805086", "DataTable_1805086.csproj", "{4446E8BE-F31A-4668-A202-CC082911A7A6}"
EndProject
Global
	GlobalSection(SolutionConfigurationPlatforms) = preSolution
		Debug|Any CPU = Debug|Any CPU
		Release|Any CPU = Release|Any CPU
	EndGlobalSection
	GlobalSection(ProjectConfigurationPlatforms) = postSolution
		{4446E8BE-F31A-4668-A202-CC082911A7A6}.Debug|Any CPU.ActiveCfg = Debug|Any CPU
		{4446E8BE-F31A-4668-A202-CC082911A7A6}.Debug|Any CPU.Build.0 = Debug|Any CPU
		{4446E8BE-F31A-4668-A202-CC082911A7A6}.Release|Any CPU.ActiveCfg = Release|Any CPU
		{4446E8BE-F31A-4668-A202-CC082911A7A6}.Release|Any CPU.Build.0 = Release|Any CPU
	EndGlobalSection
	GlobalSection(SolutionProperties) = preSolution
		HideSolutionNode = FALSE
	EndGlobalSection
	GlobalSection(ExtensibilityGlobals) = postSolution
		SolutionGuid = {244B9C1E-2739-476A-A753-E81BA40DE110}
	EndGlobalSection
EndGlobal
